// !$*UTF8*$!
{
	archiveVersion = 1;
	classes = {
	};
	objectVersion = 51;
	objects = {

/* Begin PBXBuildFile section */
		011210CB24627910009D0E45 /* MainPresenter.swift in Sources */ = {isa = PBXBuildFile; fileRef = 011210C224627910009D0E45 /* MainPresenter.swift */; };
		011210CC24627910009D0E45 /* MainViewController.swift in Sources */ = {isa = PBXBuildFile; fileRef = 011210C424627910009D0E45 /* MainViewController.swift */; };
		011210CD24627910009D0E45 /* MainProtocols.swift in Sources */ = {isa = PBXBuildFile; fileRef = 011210C624627910009D0E45 /* MainProtocols.swift */; };
		011210CE24627910009D0E45 /* MainInteractor.swift in Sources */ = {isa = PBXBuildFile; fileRef = 011210C824627910009D0E45 /* MainInteractor.swift */; };
		011210CF24627910009D0E45 /* MainRouter.swift in Sources */ = {isa = PBXBuildFile; fileRef = 011210CA24627910009D0E45 /* MainRouter.swift */; };
		01184359246245CE00007317 /* AppDelegate.swift in Sources */ = {isa = PBXBuildFile; fileRef = 01184358246245CE00007317 /* AppDelegate.swift */; };
		01184362246245D000007317 /* Assets.xcassets in Resources */ = {isa = PBXBuildFile; fileRef = 01184361246245D000007317 /* Assets.xcassets */; };
		01184365246245D000007317 /* LaunchScreen.storyboard in Resources */ = {isa = PBXBuildFile; fileRef = 01184363246245D000007317 /* LaunchScreen.storyboard */; };
		01184370246245D100007317 /* VIPERTalkTests.swift in Sources */ = {isa = PBXBuildFile; fileRef = 0118436F246245D100007317 /* VIPERTalkTests.swift */; };
		01573539246AECAE00036B6C /* Protocol.swift in Sources */ = {isa = PBXBuildFile; fileRef = 01573538246AECAE00036B6C /* Protocol.swift */; };
		0157353B246AED1700036B6C /* HTTPClient.swift in Sources */ = {isa = PBXBuildFile; fileRef = 0157353A246AED1700036B6C /* HTTPClient.swift */; };
		0157353D246AED8A00036B6C /* types.swift in Sources */ = {isa = PBXBuildFile; fileRef = 0157353C246AED8A00036B6C /* types.swift */; };
		01573540246AEDD200036B6C /* ContentAdapter.swift in Sources */ = {isa = PBXBuildFile; fileRef = 0157353F246AEDD200036B6C /* ContentAdapter.swift */; };
		01573542246AEDDD00036B6C /* FormURLAdapter.swift in Sources */ = {isa = PBXBuildFile; fileRef = 01573541246AEDDD00036B6C /* FormURLAdapter.swift */; };
		01573544246AEDED00036B6C /* HeaderAdapter.swift in Sources */ = {isa = PBXBuildFile; fileRef = 01573543246AEDED00036B6C /* HeaderAdapter.swift */; };
		01573546246AEDFB00036B6C /* JSONRequestAdapter.swift in Sources */ = {isa = PBXBuildFile; fileRef = 01573545246AEDFB00036B6C /* JSONRequestAdapter.swift */; };
		01573548246AEE0500036B6C /* NoneAdapter.swift in Sources */ = {isa = PBXBuildFile; fileRef = 01573547246AEE0500036B6C /* NoneAdapter.swift */; };
		0157354A246AEE1300036B6C /* QueryAdapter.swift in Sources */ = {isa = PBXBuildFile; fileRef = 01573549246AEE1300036B6C /* QueryAdapter.swift */; };
		0157354D246AEE2900036B6C /* RetryDecision.swift in Sources */ = {isa = PBXBuildFile; fileRef = 0157354C246AEE2900036B6C /* RetryDecision.swift */; };
		0157354F246AEE3200036B6C /* StatusCodeDecision.swift in Sources */ = {isa = PBXBuildFile; fileRef = 0157354E246AEE3200036B6C /* StatusCodeDecision.swift */; };
		01573551246AEE3D00036B6C /* DecodeJSONResultDecision.swift in Sources */ = {isa = PBXBuildFile; fileRef = 01573550246AEE3D00036B6C /* DecodeJSONResultDecision.swift */; };
		01573553246AEE4F00036B6C /* MethodAdapter.swift in Sources */ = {isa = PBXBuildFile; fileRef = 01573552246AEE4F00036B6C /* MethodAdapter.swift */; };
		01573555246AEE8D00036B6C /* Errors.swift in Sources */ = {isa = PBXBuildFile; fileRef = 01573554246AEE8D00036B6C /* Errors.swift */; };
		017D0991246BE2FB0032DEEB /* SignUpPresenter.swift in Sources */ = {isa = PBXBuildFile; fileRef = 017D098B246BE2FB0032DEEB /* SignUpPresenter.swift */; };
		017D0992246BE2FB0032DEEB /* SignUpRouter.swift in Sources */ = {isa = PBXBuildFile; fileRef = 017D098C246BE2FB0032DEEB /* SignUpRouter.swift */; };
		017D0993246BE2FB0032DEEB /* SignUpViewController.swift in Sources */ = {isa = PBXBuildFile; fileRef = 017D098D246BE2FB0032DEEB /* SignUpViewController.swift */; };
		017D0994246BE2FB0032DEEB /* SignUpProtocols.swift in Sources */ = {isa = PBXBuildFile; fileRef = 017D098E246BE2FB0032DEEB /* SignUpProtocols.swift */; };
		017D0995246BE2FB0032DEEB /* SignUpInteractor.swift in Sources */ = {isa = PBXBuildFile; fileRef = 017D098F246BE2FB0032DEEB /* SignUpInteractor.swift */; };
		017D0996246BE2FB0032DEEB /* SignUpEntity.swift in Sources */ = {isa = PBXBuildFile; fileRef = 017D0990246BE2FB0032DEEB /* SignUpEntity.swift */; };
		017D099E246BE9F30032DEEB /* SignInPresenter.swift in Sources */ = {isa = PBXBuildFile; fileRef = 017D0998246BE9F30032DEEB /* SignInPresenter.swift */; };
		017D099F246BE9F30032DEEB /* SignInRouter.swift in Sources */ = {isa = PBXBuildFile; fileRef = 017D0999246BE9F30032DEEB /* SignInRouter.swift */; };
		017D09A0246BE9F30032DEEB /* SignInViewController.swift in Sources */ = {isa = PBXBuildFile; fileRef = 017D099A246BE9F30032DEEB /* SignInViewController.swift */; };
		017D09A1246BE9F30032DEEB /* SignInProtocols.swift in Sources */ = {isa = PBXBuildFile; fileRef = 017D099B246BE9F30032DEEB /* SignInProtocols.swift */; };
		017D09A2246BE9F30032DEEB /* SignInInteractor.swift in Sources */ = {isa = PBXBuildFile; fileRef = 017D099C246BE9F30032DEEB /* SignInInteractor.swift */; };
		017D09A3246BE9F30032DEEB /* SignInEntity.swift in Sources */ = {isa = PBXBuildFile; fileRef = 017D099D246BE9F30032DEEB /* SignInEntity.swift */; };
		017D09A6246C54D60032DEEB /* AlertHelp.swift in Sources */ = {isa = PBXBuildFile; fileRef = 017D09A5246C54D60032DEEB /* AlertHelp.swift */; };
		78556EF259BD5F2C2983E5A7 /* Pods_VIPER_Talk.framework in Frameworks */ = {isa = PBXBuildFile; fileRef = 13631AD319274D9EA11157AA /* Pods_VIPER_Talk.framework */; };
/* End PBXBuildFile section */

/* Begin PBXContainerItemProxy section */
		0118436C246245D000007317 /* PBXContainerItemProxy */ = {
			isa = PBXContainerItemProxy;
			containerPortal = 0118434D246245CE00007317 /* Project object */;
			proxyType = 1;
			remoteGlobalIDString = 01184354246245CE00007317;
			remoteInfo = "VIPER-Talk";
		};
/* End PBXContainerItemProxy section */

/* Begin PBXFileReference section */
		011210C224627910009D0E45 /* MainPresenter.swift */ = {isa = PBXFileReference; fileEncoding = 4; lastKnownFileType = sourcecode.swift; path = MainPresenter.swift; sourceTree = "<group>"; };
		011210C424627910009D0E45 /* MainViewController.swift */ = {isa = PBXFileReference; fileEncoding = 4; lastKnownFileType = sourcecode.swift; path = MainViewController.swift; sourceTree = "<group>"; };
		011210C624627910009D0E45 /* MainProtocols.swift */ = {isa = PBXFileReference; fileEncoding = 4; lastKnownFileType = sourcecode.swift; path = MainProtocols.swift; sourceTree = "<group>"; };
		011210C824627910009D0E45 /* MainInteractor.swift */ = {isa = PBXFileReference; fileEncoding = 4; lastKnownFileType = sourcecode.swift; path = MainInteractor.swift; sourceTree = "<group>"; };
		011210CA24627910009D0E45 /* MainRouter.swift */ = {isa = PBXFileReference; fileEncoding = 4; lastKnownFileType = sourcecode.swift; path = MainRouter.swift; sourceTree = "<group>"; };
		01184355246245CE00007317 /* VIPER-Talk.app */ = {isa = PBXFileReference; explicitFileType = wrapper.application; includeInIndex = 0; path = "VIPER-Talk.app"; sourceTree = BUILT_PRODUCTS_DIR; };
		01184358246245CE00007317 /* AppDelegate.swift */ = {isa = PBXFileReference; lastKnownFileType = sourcecode.swift; path = AppDelegate.swift; sourceTree = "<group>"; };
		01184361246245D000007317 /* Assets.xcassets */ = {isa = PBXFileReference; lastKnownFileType = folder.assetcatalog; path = Assets.xcassets; sourceTree = "<group>"; };
		01184364246245D000007317 /* Base */ = {isa = PBXFileReference; lastKnownFileType = file.storyboard; name = Base; path = Base.lproj/LaunchScreen.storyboard; sourceTree = "<group>"; };
		01184366246245D000007317 /* Info.plist */ = {isa = PBXFileReference; lastKnownFileType = text.plist.xml; path = Info.plist; sourceTree = "<group>"; };
		0118436B246245D000007317 /* VIPER-TalkTests.xctest */ = {isa = PBXFileReference; explicitFileType = wrapper.cfbundle; includeInIndex = 0; path = "VIPER-TalkTests.xctest"; sourceTree = BUILT_PRODUCTS_DIR; };
		0118436F246245D100007317 /* VIPERTalkTests.swift */ = {isa = PBXFileReference; lastKnownFileType = sourcecode.swift; path = VIPERTalkTests.swift; sourceTree = "<group>"; };
		01184371246245D100007317 /* Info.plist */ = {isa = PBXFileReference; lastKnownFileType = text.plist.xml; path = Info.plist; sourceTree = "<group>"; };
		01573538246AECAE00036B6C /* Protocol.swift */ = {isa = PBXFileReference; lastKnownFileType = sourcecode.swift; path = Protocol.swift; sourceTree = "<group>"; };
		0157353A246AED1700036B6C /* HTTPClient.swift */ = {isa = PBXFileReference; lastKnownFileType = sourcecode.swift; path = HTTPClient.swift; sourceTree = "<group>"; };
		0157353C246AED8A00036B6C /* types.swift */ = {isa = PBXFileReference; lastKnownFileType = sourcecode.swift; path = types.swift; sourceTree = "<group>"; };
		0157353F246AEDD200036B6C /* ContentAdapter.swift */ = {isa = PBXFileReference; lastKnownFileType = sourcecode.swift; path = ContentAdapter.swift; sourceTree = "<group>"; };
		01573541246AEDDD00036B6C /* FormURLAdapter.swift */ = {isa = PBXFileReference; lastKnownFileType = sourcecode.swift; path = FormURLAdapter.swift; sourceTree = "<group>"; };
		01573543246AEDED00036B6C /* HeaderAdapter.swift */ = {isa = PBXFileReference; lastKnownFileType = sourcecode.swift; path = HeaderAdapter.swift; sourceTree = "<group>"; };
		01573545246AEDFB00036B6C /* JSONRequestAdapter.swift */ = {isa = PBXFileReference; lastKnownFileType = sourcecode.swift; path = JSONRequestAdapter.swift; sourceTree = "<group>"; };
		01573547246AEE0500036B6C /* NoneAdapter.swift */ = {isa = PBXFileReference; lastKnownFileType = sourcecode.swift; path = NoneAdapter.swift; sourceTree = "<group>"; };
		01573549246AEE1300036B6C /* QueryAdapter.swift */ = {isa = PBXFileReference; lastKnownFileType = sourcecode.swift; path = QueryAdapter.swift; sourceTree = "<group>"; };
		0157354C246AEE2900036B6C /* RetryDecision.swift */ = {isa = PBXFileReference; lastKnownFileType = sourcecode.swift; path = RetryDecision.swift; sourceTree = "<group>"; };
		0157354E246AEE3200036B6C /* StatusCodeDecision.swift */ = {isa = PBXFileReference; lastKnownFileType = sourcecode.swift; path = StatusCodeDecision.swift; sourceTree = "<group>"; };
		01573550246AEE3D00036B6C /* DecodeJSONResultDecision.swift */ = {isa = PBXFileReference; lastKnownFileType = sourcecode.swift; path = DecodeJSONResultDecision.swift; sourceTree = "<group>"; };
		01573552246AEE4F00036B6C /* MethodAdapter.swift */ = {isa = PBXFileReference; lastKnownFileType = sourcecode.swift; path = MethodAdapter.swift; sourceTree = "<group>"; };
		01573554246AEE8D00036B6C /* Errors.swift */ = {isa = PBXFileReference; lastKnownFileType = sourcecode.swift; path = Errors.swift; sourceTree = "<group>"; };
		017D098B246BE2FB0032DEEB /* SignUpPresenter.swift */ = {isa = PBXFileReference; lastKnownFileType = sourcecode.swift; path = SignUpPresenter.swift; sourceTree = "<group>"; };
		017D098C246BE2FB0032DEEB /* SignUpRouter.swift */ = {isa = PBXFileReference; lastKnownFileType = sourcecode.swift; path = SignUpRouter.swift; sourceTree = "<group>"; };
		017D098D246BE2FB0032DEEB /* SignUpViewController.swift */ = {isa = PBXFileReference; lastKnownFileType = sourcecode.swift; path = SignUpViewController.swift; sourceTree = "<group>"; };
		017D098E246BE2FB0032DEEB /* SignUpProtocols.swift */ = {isa = PBXFileReference; lastKnownFileType = sourcecode.swift; path = SignUpProtocols.swift; sourceTree = "<group>"; };
		017D098F246BE2FB0032DEEB /* SignUpInteractor.swift */ = {isa = PBXFileReference; lastKnownFileType = sourcecode.swift; path = SignUpInteractor.swift; sourceTree = "<group>"; };
		017D0990246BE2FB0032DEEB /* SignUpEntity.swift */ = {isa = PBXFileReference; lastKnownFileType = sourcecode.swift; path = SignUpEntity.swift; sourceTree = "<group>"; };
		017D0998246BE9F30032DEEB /* SignInPresenter.swift */ = {isa = PBXFileReference; lastKnownFileType = sourcecode.swift; path = SignInPresenter.swift; sourceTree = "<group>"; };
		017D0999246BE9F30032DEEB /* SignInRouter.swift */ = {isa = PBXFileReference; lastKnownFileType = sourcecode.swift; path = SignInRouter.swift; sourceTree = "<group>"; };
		017D099A246BE9F30032DEEB /* SignInViewController.swift */ = {isa = PBXFileReference; lastKnownFileType = sourcecode.swift; path = SignInViewController.swift; sourceTree = "<group>"; };
		017D099B246BE9F30032DEEB /* SignInProtocols.swift */ = {isa = PBXFileReference; lastKnownFileType = sourcecode.swift; path = SignInProtocols.swift; sourceTree = "<group>"; };
		017D099C246BE9F30032DEEB /* SignInInteractor.swift */ = {isa = PBXFileReference; lastKnownFileType = sourcecode.swift; path = SignInInteractor.swift; sourceTree = "<group>"; };
		017D099D246BE9F30032DEEB /* SignInEntity.swift */ = {isa = PBXFileReference; lastKnownFileType = sourcecode.swift; path = SignInEntity.swift; sourceTree = "<group>"; };
		017D09A5246C54D60032DEEB /* AlertHelp.swift */ = {isa = PBXFileReference; lastKnownFileType = sourcecode.swift; path = AlertHelp.swift; sourceTree = "<group>"; };
		02CC5BB079CE6804555DD8D2 /* Pods-VIPER-Talk.release.xcconfig */ = {isa = PBXFileReference; includeInIndex = 1; lastKnownFileType = text.xcconfig; name = "Pods-VIPER-Talk.release.xcconfig"; path = "Target Support Files/Pods-VIPER-Talk/Pods-VIPER-Talk.release.xcconfig"; sourceTree = "<group>"; };
		13631AD319274D9EA11157AA /* Pods_VIPER_Talk.framework */ = {isa = PBXFileReference; explicitFileType = wrapper.framework; includeInIndex = 0; path = Pods_VIPER_Talk.framework; sourceTree = BUILT_PRODUCTS_DIR; };
		6B53ABB58D5063308DBAEC3B /* Pods-VIPER-Talk.debug.xcconfig */ = {isa = PBXFileReference; includeInIndex = 1; lastKnownFileType = text.xcconfig; name = "Pods-VIPER-Talk.debug.xcconfig"; path = "Target Support Files/Pods-VIPER-Talk/Pods-VIPER-Talk.debug.xcconfig"; sourceTree = "<group>"; };
/* End PBXFileReference section */

/* Begin PBXFrameworksBuildPhase section */
		01184352246245CE00007317 /* Frameworks */ = {
			isa = PBXFrameworksBuildPhase;
			buildActionMask = 2147483647;
			files = (
				78556EF259BD5F2C2983E5A7 /* Pods_VIPER_Talk.framework in Frameworks */,
			);
			runOnlyForDeploymentPostprocessing = 0;
		};
		01184368246245D000007317 /* Frameworks */ = {
			isa = PBXFrameworksBuildPhase;
			buildActionMask = 2147483647;
			files = (
			);
			runOnlyForDeploymentPostprocessing = 0;
		};
/* End PBXFrameworksBuildPhase section */

/* Begin PBXGroup section */
		011210BF24627910009D0E45 /* Main */ = {
			isa = PBXGroup;
			children = (
				011210C824627910009D0E45 /* MainInteractor.swift */,
				011210C224627910009D0E45 /* MainPresenter.swift */,
				011210C624627910009D0E45 /* MainProtocols.swift */,
				011210CA24627910009D0E45 /* MainRouter.swift */,
				011210C424627910009D0E45 /* MainViewController.swift */,
			);
			path = Main;
			sourceTree = "<group>";
		};
		0118434C246245CE00007317 = {
			isa = PBXGroup;
			children = (
				9D78A4B64F50203B6C17AEE8 /* Frameworks */,
				4D3799BDE7151F1C2536D2B6 /* Pods */,
				01184356246245CE00007317 /* Products */,
				01184357246245CE00007317 /* VIPER-Talk */,
				0118436E246245D000007317 /* VIPER-TalkTests */,
			);
			sourceTree = "<group>";
		};
		01184356246245CE00007317 /* Products */ = {
			isa = PBXGroup;
			children = (
				01184355246245CE00007317 /* VIPER-Talk.app */,
				0118436B246245D000007317 /* VIPER-TalkTests.xctest */,
			);
			name = Products;
			sourceTree = "<group>";
		};
		01184357246245CE00007317 /* VIPER-Talk */ = {
			isa = PBXGroup;
			children = (
				017E0E0A24624BF9007FCBC6 /* AppUI */,
				017E0E09246248BD007FCBC6 /* Asset */,
				017E0E0C24624C40007FCBC6 /* Modules */,
				017E0E1E2462669D007FCBC6 /* Service */,
				017E0E08246248B1007FCBC6 /* UI */,
				01184358246245CE00007317 /* AppDelegate.swift */,
				01184366246245D000007317 /* Info.plist */,
			);
			path = "VIPER-Talk";
			sourceTree = "<group>";
		};
		0118436E246245D000007317 /* VIPER-TalkTests */ = {
			isa = PBXGroup;
			children = (
				01184371246245D100007317 /* Info.plist */,
				0118436F246245D100007317 /* VIPERTalkTests.swift */,
			);
			path = "VIPER-TalkTests";
			sourceTree = "<group>";
		};
		014CF0B4246AEAB700C07333 /* WebService */ = {
			isa = PBXGroup;
			children = (
				0157353E246AEDC600036B6C /* Adapter */,
				0157354B246AEE1D00036B6C /* Decision */,
				01573554246AEE8D00036B6C /* Errors.swift */,
				0157353A246AED1700036B6C /* HTTPClient.swift */,
				01573538246AECAE00036B6C /* Protocol.swift */,
				0157353C246AED8A00036B6C /* types.swift */,
			);
			path = WebService;
			sourceTree = "<group>";
		};
		0157353E246AEDC600036B6C /* Adapter */ = {
			isa = PBXGroup;
			children = (
				0157353F246AEDD200036B6C /* ContentAdapter.swift */,
				01573541246AEDDD00036B6C /* FormURLAdapter.swift */,
				01573543246AEDED00036B6C /* HeaderAdapter.swift */,
				01573545246AEDFB00036B6C /* JSONRequestAdapter.swift */,
				01573552246AEE4F00036B6C /* MethodAdapter.swift */,
				01573547246AEE0500036B6C /* NoneAdapter.swift */,
				01573549246AEE1300036B6C /* QueryAdapter.swift */,
			);
			path = Adapter;
			sourceTree = "<group>";
		};
		0157354B246AEE1D00036B6C /* Decision */ = {
			isa = PBXGroup;
			children = (
				01573550246AEE3D00036B6C /* DecodeJSONResultDecision.swift */,
				0157354C246AEE2900036B6C /* RetryDecision.swift */,
				0157354E246AEE3200036B6C /* StatusCodeDecision.swift */,
			);
			path = Decision;
			sourceTree = "<group>";
		};
		017D098A246BE2DE0032DEEB /* SignUp */ = {
			isa = PBXGroup;
			children = (
				017D0990246BE2FB0032DEEB /* SignUpEntity.swift */,
				017D098F246BE2FB0032DEEB /* SignUpInteractor.swift */,
				017D098B246BE2FB0032DEEB /* SignUpPresenter.swift */,
				017D098E246BE2FB0032DEEB /* SignUpProtocols.swift */,
				017D098C246BE2FB0032DEEB /* SignUpRouter.swift */,
				017D098D246BE2FB0032DEEB /* SignUpViewController.swift */,
			);
			path = SignUp;
			sourceTree = "<group>";
		};
		017D0997246BE9E40032DEEB /* SignIn */ = {
			isa = PBXGroup;
			children = (
				017D099D246BE9F30032DEEB /* SignInEntity.swift */,
				017D099C246BE9F30032DEEB /* SignInInteractor.swift */,
				017D0998246BE9F30032DEEB /* SignInPresenter.swift */,
				017D099B246BE9F30032DEEB /* SignInProtocols.swift */,
				017D0999246BE9F30032DEEB /* SignInRouter.swift */,
				017D099A246BE9F30032DEEB /* SignInViewController.swift */,
			);
			path = SignIn;
			sourceTree = "<group>";
		};
		017D09A4246C54B60032DEEB /* AlertHelp */ = {
			isa = PBXGroup;
			children = (
				017D09A5246C54D60032DEEB /* AlertHelp.swift */,
			);
			path = AlertHelp;
			sourceTree = "<group>";
		};
		017E0E08246248B1007FCBC6 /* UI */ = {
			isa = PBXGroup;
			children = (
				01184363246245D000007317 /* LaunchScreen.storyboard */,
			);
			path = UI;
			sourceTree = "<group>";
		};
		017E0E09246248BD007FCBC6 /* Asset */ = {
			isa = PBXGroup;
			children = (
				01184361246245D000007317 /* Assets.xcassets */,
			);
			path = Asset;
			sourceTree = "<group>";
		};
		017E0E0A24624BF9007FCBC6 /* AppUI */ = {
			isa = PBXGroup;
			children = (
			);
			path = AppUI;
			sourceTree = "<group>";
		};
		017E0E0C24624C40007FCBC6 /* Modules */ = {
			isa = PBXGroup;
			children = (
				011210BF24627910009D0E45 /* Main */,
				017D0997246BE9E40032DEEB /* SignIn */,
				017D098A246BE2DE0032DEEB /* SignUp */,
			);
			path = Modules;
			sourceTree = "<group>";
		};
		017E0E1E2462669D007FCBC6 /* Service */ = {
			isa = PBXGroup;
			children = (
				017D09A4246C54B60032DEEB /* AlertHelp */,
				014CF0B4246AEAB700C07333 /* WebService */,
			);
			path = Service;
			sourceTree = "<group>";
		};
		4D3799BDE7151F1C2536D2B6 /* Pods */ = {
			isa = PBXGroup;
			children = (
				6B53ABB58D5063308DBAEC3B /* Pods-VIPER-Talk.debug.xcconfig */,
				02CC5BB079CE6804555DD8D2 /* Pods-VIPER-Talk.release.xcconfig */,
			);
			path = Pods;
			sourceTree = "<group>";
		};
		9D78A4B64F50203B6C17AEE8 /* Frameworks */ = {
			isa = PBXGroup;
			children = (
				13631AD319274D9EA11157AA /* Pods_VIPER_Talk.framework */,
			);
			name = Frameworks;
			sourceTree = "<group>";
		};
/* End PBXGroup section */

/* Begin PBXNativeTarget section */
		01184354246245CE00007317 /* VIPER-Talk */ = {
			isa = PBXNativeTarget;
			buildConfigurationList = 01184374246245D100007317 /* Build configuration list for PBXNativeTarget "VIPER-Talk" */;
			buildPhases = (
				7235968953B2BBF0135B5B3C /* [CP] Check Pods Manifest.lock */,
				01184351246245CE00007317 /* Sources */,
				01184352246245CE00007317 /* Frameworks */,
				01184353246245CE00007317 /* Resources */,
				017E0E072462474D007FCBC6 /* Swift Lint */,
				187F876B80A36274FD9DC2F3 /* [CP] Embed Pods Frameworks */,
			);
			buildRules = (
			);
			dependencies = (
			);
			name = "VIPER-Talk";
			productName = "VIPER-Talk";
			productReference = 01184355246245CE00007317 /* VIPER-Talk.app */;
			productType = "com.apple.product-type.application";
		};
		0118436A246245D000007317 /* VIPER-TalkTests */ = {
			isa = PBXNativeTarget;
			buildConfigurationList = 01184377246245D100007317 /* Build configuration list for PBXNativeTarget "VIPER-TalkTests" */;
			buildPhases = (
				01184367246245D000007317 /* Sources */,
				01184368246245D000007317 /* Frameworks */,
				01184369246245D000007317 /* Resources */,
			);
			buildRules = (
			);
			dependencies = (
				0118436D246245D000007317 /* PBXTargetDependency */,
			);
			name = "VIPER-TalkTests";
			productName = "VIPER-TalkTests";
			productReference = 0118436B246245D000007317 /* VIPER-TalkTests.xctest */;
			productType = "com.apple.product-type.bundle.unit-test";
		};
/* End PBXNativeTarget section */

/* Begin PBXProject section */
		0118434D246245CE00007317 /* Project object */ = {
			isa = PBXProject;
			attributes = {
				LastSwiftUpdateCheck = 1140;
				LastUpgradeCheck = 1140;
				ORGANIZATIONNAME = co.Kcin.Nil;
				TargetAttributes = {
					01184354246245CE00007317 = {
						CreatedOnToolsVersion = 11.4.1;
					};
					0118436A246245D000007317 = {
						CreatedOnToolsVersion = 11.4.1;
						TestTargetID = 01184354246245CE00007317;
					};
				};
			};
			buildConfigurationList = 01184350246245CE00007317 /* Build configuration list for PBXProject "VIPER-Talk" */;
			compatibilityVersion = "Xcode 9.3";
			developmentRegion = en;
			hasScannedForEncodings = 0;
			knownRegions = (
				en,
				Base,
			);
			mainGroup = 0118434C246245CE00007317;
			productRefGroup = 01184356246245CE00007317 /* Products */;
			projectDirPath = "";
			projectRoot = "";
			targets = (
				01184354246245CE00007317 /* VIPER-Talk */,
				0118436A246245D000007317 /* VIPER-TalkTests */,
			);
		};
/* End PBXProject section */

/* Begin PBXResourcesBuildPhase section */
		01184353246245CE00007317 /* Resources */ = {
			isa = PBXResourcesBuildPhase;
			buildActionMask = 2147483647;
			files = (
				01184362246245D000007317 /* Assets.xcassets in Resources */,
				01184365246245D000007317 /* LaunchScreen.storyboard in Resources */,
			);
			runOnlyForDeploymentPostprocessing = 0;
		};
		01184369246245D000007317 /* Resources */ = {
			isa = PBXResourcesBuildPhase;
			buildActionMask = 2147483647;
			files = (
			);
			runOnlyForDeploymentPostprocessing = 0;
		};
/* End PBXResourcesBuildPhase section */

/* Begin PBXShellScriptBuildPhase section */
		017E0E072462474D007FCBC6 /* Swift Lint */ = {
			isa = PBXShellScriptBuildPhase;
			buildActionMask = 2147483647;
			files = (
			);
			inputFileListPaths = (
			);
			inputPaths = (
			);
			name = "Swift Lint";
			outputFileListPaths = (
			);
			outputPaths = (
			);
			runOnlyForDeploymentPostprocessing = 0;
			shellPath = /bin/sh;
			shellScript = "if which swiftlint >/dev/null; then\nswiftlint\nelse\necho \"warning: SwiftLint not installed, download from https://github.com/realm/SwiftLint\"\nfi\n";
		};
		187F876B80A36274FD9DC2F3 /* [CP] Embed Pods Frameworks */ = {
			isa = PBXShellScriptBuildPhase;
			buildActionMask = 2147483647;
			files = (
			);
			inputFileListPaths = (
				"${PODS_ROOT}/Target Support Files/Pods-VIPER-Talk/Pods-VIPER-Talk-frameworks-${CONFIGURATION}-input-files.xcfilelist",
			);
			name = "[CP] Embed Pods Frameworks";
			outputFileListPaths = (
				"${PODS_ROOT}/Target Support Files/Pods-VIPER-Talk/Pods-VIPER-Talk-frameworks-${CONFIGURATION}-output-files.xcfilelist",
			);
			runOnlyForDeploymentPostprocessing = 0;
			shellPath = /bin/sh;
			shellScript = "\"${PODS_ROOT}/Target Support Files/Pods-VIPER-Talk/Pods-VIPER-Talk-frameworks.sh\"\n";
			showEnvVarsInLog = 0;
		};
		7235968953B2BBF0135B5B3C /* [CP] Check Pods Manifest.lock */ = {
			isa = PBXShellScriptBuildPhase;
			buildActionMask = 2147483647;
			files = (
			);
			inputFileListPaths = (
			);
			inputPaths = (
				"${PODS_PODFILE_DIR_PATH}/Podfile.lock",
				"${PODS_ROOT}/Manifest.lock",
			);
			name = "[CP] Check Pods Manifest.lock";
			outputFileListPaths = (
			);
			outputPaths = (
				"$(DERIVED_FILE_DIR)/Pods-VIPER-Talk-checkManifestLockResult.txt",
			);
			runOnlyForDeploymentPostprocessing = 0;
			shellPath = /bin/sh;
			shellScript = "diff \"${PODS_PODFILE_DIR_PATH}/Podfile.lock\" \"${PODS_ROOT}/Manifest.lock\" > /dev/null\nif [ $? != 0 ] ; then\n    # print error to STDERR\n    echo \"error: The sandbox is not in sync with the Podfile.lock. Run 'pod install' or update your CocoaPods installation.\" >&2\n    exit 1\nfi\n# This output is used by Xcode 'outputs' to avoid re-running this script phase.\necho \"SUCCESS\" > \"${SCRIPT_OUTPUT_FILE_0}\"\n";
			showEnvVarsInLog = 0;
		};
/* End PBXShellScriptBuildPhase section */

/* Begin PBXSourcesBuildPhase section */
		01184351246245CE00007317 /* Sources */ = {
			isa = PBXSourcesBuildPhase;
			buildActionMask = 2147483647;
			files = (
				017D09A6246C54D60032DEEB /* AlertHelp.swift in Sources */,
				01184359246245CE00007317 /* AppDelegate.swift in Sources */,
				01573540246AEDD200036B6C /* ContentAdapter.swift in Sources */,
				01573551246AEE3D00036B6C /* DecodeJSONResultDecision.swift in Sources */,
				01573555246AEE8D00036B6C /* Errors.swift in Sources */,
				01573542246AEDDD00036B6C /* FormURLAdapter.swift in Sources */,
				01573544246AEDED00036B6C /* HeaderAdapter.swift in Sources */,
				0157353B246AED1700036B6C /* HTTPClient.swift in Sources */,
				01573546246AEDFB00036B6C /* JSONRequestAdapter.swift in Sources */,
				011210CE24627910009D0E45 /* MainInteractor.swift in Sources */,
				011210CB24627910009D0E45 /* MainPresenter.swift in Sources */,
				011210CD24627910009D0E45 /* MainProtocols.swift in Sources */,
				011210CF24627910009D0E45 /* MainRouter.swift in Sources */,
				011210CC24627910009D0E45 /* MainViewController.swift in Sources */,
				01573553246AEE4F00036B6C /* MethodAdapter.swift in Sources */,
				01573548246AEE0500036B6C /* NoneAdapter.swift in Sources */,
				01573539246AECAE00036B6C /* Protocol.swift in Sources */,
				0157354A246AEE1300036B6C /* QueryAdapter.swift in Sources */,
				0157354D246AEE2900036B6C /* RetryDecision.swift in Sources */,
				017D09A3246BE9F30032DEEB /* SignInEntity.swift in Sources */,
				017D09A2246BE9F30032DEEB /* SignInInteractor.swift in Sources */,
				017D099E246BE9F30032DEEB /* SignInPresenter.swift in Sources */,
				017D09A1246BE9F30032DEEB /* SignInProtocols.swift in Sources */,
				017D099F246BE9F30032DEEB /* SignInRouter.swift in Sources */,
				017D09A0246BE9F30032DEEB /* SignInViewController.swift in Sources */,
				017D0996246BE2FB0032DEEB /* SignUpEntity.swift in Sources */,
				017D0995246BE2FB0032DEEB /* SignUpInteractor.swift in Sources */,
				017D0991246BE2FB0032DEEB /* SignUpPresenter.swift in Sources */,
				017D0994246BE2FB0032DEEB /* SignUpProtocols.swift in Sources */,
				017D0992246BE2FB0032DEEB /* SignUpRouter.swift in Sources */,
				017D0993246BE2FB0032DEEB /* SignUpViewController.swift in Sources */,
				0157354F246AEE3200036B6C /* StatusCodeDecision.swift in Sources */,
				0157353D246AED8A00036B6C /* types.swift in Sources */,
			);
			runOnlyForDeploymentPostprocessing = 0;
		};
		01184367246245D000007317 /* Sources */ = {
			isa = PBXSourcesBuildPhase;
			buildActionMask = 2147483647;
			files = (
				01184370246245D100007317 /* VIPERTalkTests.swift in Sources */,
			);
			runOnlyForDeploymentPostprocessing = 0;
		};
/* End PBXSourcesBuildPhase section */

/* Begin PBXTargetDependency section */
		0118436D246245D000007317 /* PBXTargetDependency */ = {
			isa = PBXTargetDependency;
			target = 01184354246245CE00007317 /* VIPER-Talk */;
			targetProxy = 0118436C246245D000007317 /* PBXContainerItemProxy */;
		};
/* End PBXTargetDependency section */

/* Begin PBXVariantGroup section */
		01184363246245D000007317 /* LaunchScreen.storyboard */ = {
			isa = PBXVariantGroup;
			children = (
				01184364246245D000007317 /* Base */,
			);
			name = LaunchScreen.storyboard;
			sourceTree = "<group>";
		};
/* End PBXVariantGroup section */

/* Begin XCBuildConfiguration section */
		01184372246245D100007317 /* Debug */ = {
			isa = XCBuildConfiguration;
			buildSettings = {
				ALWAYS_SEARCH_USER_PATHS = NO;
				CLANG_ANALYZER_NONNULL = YES;
				CLANG_ANALYZER_NUMBER_OBJECT_CONVERSION = YES_AGGRESSIVE;
				CLANG_CXX_LANGUAGE_STANDARD = "gnu++14";
				CLANG_CXX_LIBRARY = "libc++";
				CLANG_ENABLE_MODULES = YES;
				CLANG_ENABLE_OBJC_ARC = YES;
				CLANG_ENABLE_OBJC_WEAK = YES;
				CLANG_WARN_BLOCK_CAPTURE_AUTORELEASING = YES;
				CLANG_WARN_BOOL_CONVERSION = YES;
				CLANG_WARN_COMMA = YES;
				CLANG_WARN_CONSTANT_CONVERSION = YES;
				CLANG_WARN_DEPRECATED_OBJC_IMPLEMENTATIONS = YES;
				CLANG_WARN_DIRECT_OBJC_ISA_USAGE = YES_ERROR;
				CLANG_WARN_DOCUMENTATION_COMMENTS = YES;
				CLANG_WARN_EMPTY_BODY = YES;
				CLANG_WARN_ENUM_CONVERSION = YES;
				CLANG_WARN_INFINITE_RECURSION = YES;
				CLANG_WARN_INT_CONVERSION = YES;
				CLANG_WARN_NON_LITERAL_NULL_CONVERSION = YES;
				CLANG_WARN_OBJC_IMPLICIT_RETAIN_SELF = YES;
				CLANG_WARN_OBJC_LITERAL_CONVERSION = YES;
				CLANG_WARN_OBJC_ROOT_CLASS = YES_ERROR;
				CLANG_WARN_RANGE_LOOP_ANALYSIS = YES;
				CLANG_WARN_STRICT_PROTOTYPES = YES;
				CLANG_WARN_SUSPICIOUS_MOVE = YES;
				CLANG_WARN_UNGUARDED_AVAILABILITY = YES_AGGRESSIVE;
				CLANG_WARN_UNREACHABLE_CODE = YES;
				CLANG_WARN__DUPLICATE_METHOD_MATCH = YES;
				COPY_PHASE_STRIP = NO;
				DEBUG_INFORMATION_FORMAT = dwarf;
				ENABLE_STRICT_OBJC_MSGSEND = YES;
				ENABLE_TESTABILITY = YES;
				GCC_C_LANGUAGE_STANDARD = gnu11;
				GCC_DYNAMIC_NO_PIC = NO;
				GCC_NO_COMMON_BLOCKS = YES;
				GCC_OPTIMIZATION_LEVEL = 0;
				GCC_PREPROCESSOR_DEFINITIONS = (
					"DEBUG=1",
					"$(inherited)",
				);
				GCC_WARN_64_TO_32_BIT_CONVERSION = YES;
				GCC_WARN_ABOUT_RETURN_TYPE = YES_ERROR;
				GCC_WARN_UNDECLARED_SELECTOR = YES;
				GCC_WARN_UNINITIALIZED_AUTOS = YES_AGGRESSIVE;
				GCC_WARN_UNUSED_FUNCTION = YES;
				GCC_WARN_UNUSED_VARIABLE = YES;
				IPHONEOS_DEPLOYMENT_TARGET = 13.4;
				MTL_ENABLE_DEBUG_INFO = INCLUDE_SOURCE;
				MTL_FAST_MATH = YES;
				ONLY_ACTIVE_ARCH = YES;
				SDKROOT = iphoneos;
				SWIFT_ACTIVE_COMPILATION_CONDITIONS = DEBUG;
				SWIFT_OPTIMIZATION_LEVEL = "-Onone";
			};
			name = Debug;
		};
		01184373246245D100007317 /* Release */ = {
			isa = XCBuildConfiguration;
			buildSettings = {
				ALWAYS_SEARCH_USER_PATHS = NO;
				CLANG_ANALYZER_NONNULL = YES;
				CLANG_ANALYZER_NUMBER_OBJECT_CONVERSION = YES_AGGRESSIVE;
				CLANG_CXX_LANGUAGE_STANDARD = "gnu++14";
				CLANG_CXX_LIBRARY = "libc++";
				CLANG_ENABLE_MODULES = YES;
				CLANG_ENABLE_OBJC_ARC = YES;
				CLANG_ENABLE_OBJC_WEAK = YES;
				CLANG_WARN_BLOCK_CAPTURE_AUTORELEASING = YES;
				CLANG_WARN_BOOL_CONVERSION = YES;
				CLANG_WARN_COMMA = YES;
				CLANG_WARN_CONSTANT_CONVERSION = YES;
				CLANG_WARN_DEPRECATED_OBJC_IMPLEMENTATIONS = YES;
				CLANG_WARN_DIRECT_OBJC_ISA_USAGE = YES_ERROR;
				CLANG_WARN_DOCUMENTATION_COMMENTS = YES;
				CLANG_WARN_EMPTY_BODY = YES;
				CLANG_WARN_ENUM_CONVERSION = YES;
				CLANG_WARN_INFINITE_RECURSION = YES;
				CLANG_WARN_INT_CONVERSION = YES;
				CLANG_WARN_NON_LITERAL_NULL_CONVERSION = YES;
				CLANG_WARN_OBJC_IMPLICIT_RETAIN_SELF = YES;
				CLANG_WARN_OBJC_LITERAL_CONVERSION = YES;
				CLANG_WARN_OBJC_ROOT_CLASS = YES_ERROR;
				CLANG_WARN_RANGE_LOOP_ANALYSIS = YES;
				CLANG_WARN_STRICT_PROTOTYPES = YES;
				CLANG_WARN_SUSPICIOUS_MOVE = YES;
				CLANG_WARN_UNGUARDED_AVAILABILITY = YES_AGGRESSIVE;
				CLANG_WARN_UNREACHABLE_CODE = YES;
				CLANG_WARN__DUPLICATE_METHOD_MATCH = YES;
				COPY_PHASE_STRIP = NO;
				DEBUG_INFORMATION_FORMAT = "dwarf-with-dsym";
				ENABLE_NS_ASSERTIONS = NO;
				ENABLE_STRICT_OBJC_MSGSEND = YES;
				GCC_C_LANGUAGE_STANDARD = gnu11;
				GCC_NO_COMMON_BLOCKS = YES;
				GCC_WARN_64_TO_32_BIT_CONVERSION = YES;
				GCC_WARN_ABOUT_RETURN_TYPE = YES_ERROR;
				GCC_WARN_UNDECLARED_SELECTOR = YES;
				GCC_WARN_UNINITIALIZED_AUTOS = YES_AGGRESSIVE;
				GCC_WARN_UNUSED_FUNCTION = YES;
				GCC_WARN_UNUSED_VARIABLE = YES;
				IPHONEOS_DEPLOYMENT_TARGET = 13.4;
				MTL_ENABLE_DEBUG_INFO = NO;
				MTL_FAST_MATH = YES;
				SDKROOT = iphoneos;
				SWIFT_COMPILATION_MODE = wholemodule;
				SWIFT_OPTIMIZATION_LEVEL = "-O";
				VALIDATE_PRODUCT = YES;
			};
			name = Release;
		};
		01184375246245D100007317 /* Debug */ = {
			isa = XCBuildConfiguration;
			baseConfigurationReference = 6B53ABB58D5063308DBAEC3B /* Pods-VIPER-Talk.debug.xcconfig */;
			buildSettings = {
				ASSETCATALOG_COMPILER_APPICON_NAME = AppIcon;
				CODE_SIGN_STYLE = Automatic;
				INFOPLIST_FILE = "VIPER-Talk/Info.plist";
				IPHONEOS_DEPLOYMENT_TARGET = 12.0;
				LD_RUNPATH_SEARCH_PATHS = (
					"$(inherited)",
					"@executable_path/Frameworks",
				);
				PRODUCT_BUNDLE_IDENTIFIER = "co.Kcin.Nil.VIPER-Talk";
				PRODUCT_NAME = "$(TARGET_NAME)";
				SWIFT_VERSION = 5.0;
				TARGETED_DEVICE_FAMILY = 1;
			};
			name = Debug;
		};
		01184376246245D100007317 /* Release */ = {
			isa = XCBuildConfiguration;
			baseConfigurationReference = 02CC5BB079CE6804555DD8D2 /* Pods-VIPER-Talk.release.xcconfig */;
			buildSettings = {
				ASSETCATALOG_COMPILER_APPICON_NAME = AppIcon;
				CODE_SIGN_STYLE = Automatic;
				INFOPLIST_FILE = "VIPER-Talk/Info.plist";
				IPHONEOS_DEPLOYMENT_TARGET = 12.0;
				LD_RUNPATH_SEARCH_PATHS = (
					"$(inherited)",
					"@executable_path/Frameworks",
				);
				PRODUCT_BUNDLE_IDENTIFIER = "co.Kcin.Nil.VIPER-Talk";
				PRODUCT_NAME = "$(TARGET_NAME)";
				SWIFT_VERSION = 5.0;
				TARGETED_DEVICE_FAMILY = 1;
			};
			name = Release;
		};
		01184378246245D100007317 /* Debug */ = {
			isa = XCBuildConfiguration;
			buildSettings = {
				ALWAYS_EMBED_SWIFT_STANDARD_LIBRARIES = YES;
				BUNDLE_LOADER = "$(TEST_HOST)";
				CODE_SIGN_STYLE = Automatic;
				INFOPLIST_FILE = "VIPER-TalkTests/Info.plist";
				IPHONEOS_DEPLOYMENT_TARGET = 13.4;
				LD_RUNPATH_SEARCH_PATHS = (
					"$(inherited)",
					"@executable_path/Frameworks",
					"@loader_path/Frameworks",
				);
				PRODUCT_BUNDLE_IDENTIFIER = "co.Kcin.Nil.VIPER-TalkTests";
				PRODUCT_NAME = "$(TARGET_NAME)";
				SWIFT_VERSION = 5.0;
				TARGETED_DEVICE_FAMILY = "1,2";
				TEST_HOST = "$(BUILT_PRODUCTS_DIR)/VIPER-Talk.app/VIPER-Talk";
			};
			name = Debug;
		};
		01184379246245D100007317 /* Release */ = {
			isa = XCBuildConfiguration;
			buildSettings = {
				ALWAYS_EMBED_SWIFT_STANDARD_LIBRARIES = YES;
				BUNDLE_LOADER = "$(TEST_HOST)";
				CODE_SIGN_STYLE = Automatic;
				INFOPLIST_FILE = "VIPER-TalkTests/Info.plist";
				IPHONEOS_DEPLOYMENT_TARGET = 13.4;
				LD_RUNPATH_SEARCH_PATHS = (
					"$(inherited)",
					"@executable_path/Frameworks",
					"@loader_path/Frameworks",
				);
				PRODUCT_BUNDLE_IDENTIFIER = "co.Kcin.Nil.VIPER-TalkTests";
				PRODUCT_NAME = "$(TARGET_NAME)";
				SWIFT_VERSION = 5.0;
				TARGETED_DEVICE_FAMILY = "1,2";
				TEST_HOST = "$(BUILT_PRODUCTS_DIR)/VIPER-Talk.app/VIPER-Talk";
			};
			name = Release;
		};
/* End XCBuildConfiguration section */

/* Begin XCConfigurationList section */
		01184350246245CE00007317 /* Build configuration list for PBXProject "VIPER-Talk" */ = {
			isa = XCConfigurationList;
			buildConfigurations = (
				01184372246245D100007317 /* Debug */,
				01184373246245D100007317 /* Release */,
			);
			defaultConfigurationIsVisible = 0;
			defaultConfigurationName = Release;
		};
		01184374246245D100007317 /* Build configuration list for PBXNativeTarget "VIPER-Talk" */ = {
			isa = XCConfigurationList;
			buildConfigurations = (
				01184375246245D100007317 /* Debug */,
				01184376246245D100007317 /* Release */,
			);
			defaultConfigurationIsVisible = 0;
			defaultConfigurationName = Release;
		};
		01184377246245D100007317 /* Build configuration list for PBXNativeTarget "VIPER-TalkTests" */ = {
			isa = XCConfigurationList;
			buildConfigurations = (
				01184378246245D100007317 /* Debug */,
				01184379246245D100007317 /* Release */,
			);
			defaultConfigurationIsVisible = 0;
			defaultConfigurationName = Release;
		};
/* End XCConfigurationList section */
	};
	rootObject = 0118434D246245CE00007317 /* Project object */;
}
